
Microsoft Visual Studio Solution File, Format Version 12.00
# Visual Studio Version 17
VisualStudioVersion = 17.10.35013.160
MinimumVisualStudioVersion = 10.0.40219.1
Project("{FAE04EC0-301F-11D3-BF4B-00C04F79EFBC}") = "Intelica.Authentication.Backend", "Intelica.Authentication.API\Intelica.Authentication.API.csproj", "{EC7E5C90-4824-4FD2-A4E9-AE94AB11718C}"
EndProject
Global
	GlobalSection(SolutionConfigurationPlatforms) = preSolution
		Debug|Any CPU = Debug|Any CPU
		Release|Any CPU = Release|Any CPU
	EndGlobalSection
	GlobalSection(ProjectConfigurationPlatforms) = postSolution
		{EC7E5C90-4824-4FD2-A4E9-AE94AB11718C}.Debug|Any CPU.ActiveCfg = Debug|Any CPU
		{EC7E5C90-4824-4FD2-A4E9-AE94AB11718C}.Debug|Any CPU.Build.0 = Debug|Any CPU
		{EC7E5C90-4824-4FD2-A4E9-AE94AB11718C}.Release|Any CPU.ActiveCfg = Release|Any CPU
		{EC7E5C90-4824-4FD2-A4E9-AE94AB11718C}.Release|Any CPU.Build.0 = Release|Any CPU
	EndGlobalSection
	GlobalSection(SolutionProperties) = preSolution
		HideSolutionNode = FALSE
	EndGlobalSection
	GlobalSection(ExtensibilityGlobals) = postSolution
		SolutionGuid = {E265EBAC-FF12-4469-B038-7E73F722BCA2}
	EndGlobalSection
EndGlobal
